// !$*UTF8*$!
{
	archiveVersion = 1;
	classes = {
	};
	objectVersion = 46;
	objects = {

/* Begin PBXBuildFile section */
		DB04A6851BCBFF830069BEA2 /* CarViewController.swift in Sources */ = {isa = PBXBuildFile; fileRef = DB04A6841BCBFF830069BEA2 /* CarViewController.swift */; settings = {ASSET_TAGS = (); }; };
		DB04A6871BCC04DA0069BEA2 /* Vehicle.swift in Sources */ = {isa = PBXBuildFile; fileRef = DB04A6861BCC04DA0069BEA2 /* Vehicle.swift */; settings = {ASSET_TAGS = (); }; };
		DB4D1ACF1BC218AE001F8B87 /* AppDelegate.swift in Sources */ = {isa = PBXBuildFile; fileRef = DB4D1ACE1BC218AE001F8B87 /* AppDelegate.swift */; };
		DB4D1AD11BC218AE001F8B87 /* ScannerViewController.swift in Sources */ = {isa = PBXBuildFile; fileRef = DB4D1AD01BC218AE001F8B87 /* ScannerViewController.swift */; };
		DB4D1AD41BC218AE001F8B87 /* Main.storyboard in Resources */ = {isa = PBXBuildFile; fileRef = DB4D1AD21BC218AE001F8B87 /* Main.storyboard */; };
		DB4D1AD61BC218AE001F8B87 /* Assets.xcassets in Resources */ = {isa = PBXBuildFile; fileRef = DB4D1AD51BC218AE001F8B87 /* Assets.xcassets */; };
		DB4D1AD91BC218AE001F8B87 /* LaunchScreen.storyboard in Resources */ = {isa = PBXBuildFile; fileRef = DB4D1AD71BC218AE001F8B87 /* LaunchScreen.storyboard */; };
		DB4D1AE41BC218AE001F8B87 /* Barcode_TwoTests.swift in Sources */ = {isa = PBXBuildFile; fileRef = DB4D1AE31BC218AE001F8B87 /* Barcode_TwoTests.swift */; };
		DB4D1AEF1BC218AE001F8B87 /* Barcode_TwoUITests.swift in Sources */ = {isa = PBXBuildFile; fileRef = DB4D1AEE1BC218AE001F8B87 /* Barcode_TwoUITests.swift */; };
		DB4D1B081BC4598D001F8B87 /* HomeViewController.swift in Sources */ = {isa = PBXBuildFile; fileRef = DB4D1B071BC4598D001F8B87 /* HomeViewController.swift */; settings = {ASSET_TAGS = (); }; };
/* End PBXBuildFile section */

/* Begin PBXContainerItemProxy section */
		DB4D1AE01BC218AE001F8B87 /* PBXContainerItemProxy */ = {
			isa = PBXContainerItemProxy;
			containerPortal = DB4D1AC31BC218AE001F8B87 /* Project object */;
			proxyType = 1;
			remoteGlobalIDString = DB4D1ACA1BC218AE001F8B87;
			remoteInfo = "Barcode Two";
		};
		DB4D1AEB1BC218AE001F8B87 /* PBXContainerItemProxy */ = {
			isa = PBXContainerItemProxy;
			containerPortal = DB4D1AC31BC218AE001F8B87 /* Project object */;
			proxyType = 1;
			remoteGlobalIDString = DB4D1ACA1BC218AE001F8B87;
			remoteInfo = "Barcode Two";
		};
/* End PBXContainerItemProxy section */

/* Begin PBXFileReference section */
		DB04A6841BCBFF830069BEA2 /* CarViewController.swift */ = {isa = PBXFileReference; fileEncoding = 4; lastKnownFileType = sourcecode.swift; path = CarViewController.swift; sourceTree = "<group>"; };
		DB04A6861BCC04DA0069BEA2 /* Vehicle.swift */ = {isa = PBXFileReference; fileEncoding = 4; lastKnownFileType = sourcecode.swift; path = Vehicle.swift; sourceTree = "<group>"; };
		DB4D1ACB1BC218AE001F8B87 /* VIN Scanner.app */ = {isa = PBXFileReference; explicitFileType = wrapper.application; includeInIndex = 0; path = "VIN Scanner.app"; sourceTree = BUILT_PRODUCTS_DIR; };
		DB4D1ACE1BC218AE001F8B87 /* AppDelegate.swift */ = {isa = PBXFileReference; lastKnownFileType = sourcecode.swift; path = AppDelegate.swift; sourceTree = "<group>"; };
		DB4D1AD01BC218AE001F8B87 /* ScannerViewController.swift */ = {isa = PBXFileReference; lastKnownFileType = sourcecode.swift; path = ScannerViewController.swift; sourceTree = "<group>"; };
		DB4D1AD31BC218AE001F8B87 /* Base */ = {isa = PBXFileReference; lastKnownFileType = file.storyboard; name = Base; path = Base.lproj/Main.storyboard; sourceTree = "<group>"; };
		DB4D1AD51BC218AE001F8B87 /* Assets.xcassets */ = {isa = PBXFileReference; lastKnownFileType = folder.assetcatalog; path = Assets.xcassets; sourceTree = "<group>"; };
		DB4D1AD81BC218AE001F8B87 /* Base */ = {isa = PBXFileReference; lastKnownFileType = file.storyboard; name = Base; path = Base.lproj/LaunchScreen.storyboard; sourceTree = "<group>"; };
		DB4D1ADA1BC218AE001F8B87 /* Info.plist */ = {isa = PBXFileReference; lastKnownFileType = text.plist.xml; path = Info.plist; sourceTree = "<group>"; };
		DB4D1ADF1BC218AE001F8B87 /* VIN Scanner.xctest */ = {isa = PBXFileReference; explicitFileType = wrapper.cfbundle; includeInIndex = 0; path = "VIN Scanner.xctest"; sourceTree = BUILT_PRODUCTS_DIR; };
		DB4D1AE31BC218AE001F8B87 /* Barcode_TwoTests.swift */ = {isa = PBXFileReference; lastKnownFileType = sourcecode.swift; path = Barcode_TwoTests.swift; sourceTree = "<group>"; };
		DB4D1AE51BC218AE001F8B87 /* Info.plist */ = {isa = PBXFileReference; lastKnownFileType = text.plist.xml; path = Info.plist; sourceTree = "<group>"; };
		DB4D1AEA1BC218AE001F8B87 /* VIN Scanner.xctest */ = {isa = PBXFileReference; explicitFileType = wrapper.cfbundle; includeInIndex = 0; path = "VIN Scanner.xctest"; sourceTree = BUILT_PRODUCTS_DIR; };
		DB4D1AEE1BC218AE001F8B87 /* Barcode_TwoUITests.swift */ = {isa = PBXFileReference; lastKnownFileType = sourcecode.swift; path = Barcode_TwoUITests.swift; sourceTree = "<group>"; };
		DB4D1AF01BC218AE001F8B87 /* Info.plist */ = {isa = PBXFileReference; lastKnownFileType = text.plist.xml; path = Info.plist; sourceTree = "<group>"; };
		DB4D1B071BC4598D001F8B87 /* HomeViewController.swift */ = {isa = PBXFileReference; fileEncoding = 4; lastKnownFileType = sourcecode.swift; path = HomeViewController.swift; sourceTree = "<group>"; };
/* End PBXFileReference section */

/* Begin PBXFrameworksBuildPhase section */
		DB4D1AC81BC218AE001F8B87 /* Frameworks */ = {
			isa = PBXFrameworksBuildPhase;
			buildActionMask = 2147483647;
			files = (
			);
			runOnlyForDeploymentPostprocessing = 0;
		};
		DB4D1ADC1BC218AE001F8B87 /* Frameworks */ = {
			isa = PBXFrameworksBuildPhase;
			buildActionMask = 2147483647;
			files = (
			);
			runOnlyForDeploymentPostprocessing = 0;
		};
		DB4D1AE71BC218AE001F8B87 /* Frameworks */ = {
			isa = PBXFrameworksBuildPhase;
			buildActionMask = 2147483647;
			files = (
			);
			runOnlyForDeploymentPostprocessing = 0;
		};
/* End PBXFrameworksBuildPhase section */

/* Begin PBXGroup section */
		DB4D1AC21BC218AE001F8B87 = {
			isa = PBXGroup;
			children = (
				DB4D1ACD1BC218AE001F8B87 /* VIN Scanner */,
				DB4D1AE21BC218AE001F8B87 /* VIN ScannerTests */,
				DB4D1AED1BC218AE001F8B87 /* VIN ScannerUITests */,
				DB4D1ACC1BC218AE001F8B87 /* Products */,
			);
			sourceTree = "<group>";
		};
		DB4D1ACC1BC218AE001F8B87 /* Products */ = {
			isa = PBXGroup;
			children = (
				DB4D1ACB1BC218AE001F8B87 /* VIN Scanner.app */,
				DB4D1ADF1BC218AE001F8B87 /* VIN Scanner.xctest */,
				DB4D1AEA1BC218AE001F8B87 /* VIN Scanner.xctest */,
			);
			name = Products;
			sourceTree = "<group>";
		};
		DB4D1ACD1BC218AE001F8B87 /* VIN Scanner */ = {
			isa = PBXGroup;
			children = (
				DB4D1ACE1BC218AE001F8B87 /* AppDelegate.swift */,
				DB4D1AD01BC218AE001F8B87 /* ScannerViewController.swift */,
				DB4D1AD21BC218AE001F8B87 /* Main.storyboard */,
				DB4D1B071BC4598D001F8B87 /* HomeViewController.swift */,
				DB4D1AD51BC218AE001F8B87 /* Assets.xcassets */,
				DB4D1AD71BC218AE001F8B87 /* LaunchScreen.storyboard */,
				DB4D1ADA1BC218AE001F8B87 /* Info.plist */,
				DB04A6841BCBFF830069BEA2 /* CarViewController.swift */,
				DB04A6861BCC04DA0069BEA2 /* Vehicle.swift */,
			);
			name = "VIN Scanner";
			path = "Barcode Two";
			sourceTree = "<group>";
		};
		DB4D1AE21BC218AE001F8B87 /* VIN ScannerTests */ = {
			isa = PBXGroup;
			children = (
				DB4D1AE31BC218AE001F8B87 /* Barcode_TwoTests.swift */,
				DB4D1AE51BC218AE001F8B87 /* Info.plist */,
			);
			name = "VIN ScannerTests";
			path = "Barcode TwoTests";
			sourceTree = "<group>";
		};
		DB4D1AED1BC218AE001F8B87 /* VIN ScannerUITests */ = {
			isa = PBXGroup;
			children = (
				DB4D1AEE1BC218AE001F8B87 /* Barcode_TwoUITests.swift */,
				DB4D1AF01BC218AE001F8B87 /* Info.plist */,
			);
			name = "VIN ScannerUITests";
			path = "Barcode TwoUITests";
			sourceTree = "<group>";
		};
/* End PBXGroup section */

/* Begin PBXNativeTarget section */
		DB4D1ACA1BC218AE001F8B87 /* VIN Scanner */ = {
			isa = PBXNativeTarget;
			buildConfigurationList = DB4D1AF31BC218AE001F8B87 /* Build configuration list for PBXNativeTarget "VIN Scanner" */;
			buildPhases = (
				DB4D1AC71BC218AE001F8B87 /* Sources */,
				DB4D1AC81BC218AE001F8B87 /* Frameworks */,
				DB4D1AC91BC218AE001F8B87 /* Resources */,
			);
			buildRules = (
			);
			dependencies = (
			);
			name = "VIN Scanner";
			productName = "Barcode Two";
			productReference = DB4D1ACB1BC218AE001F8B87 /* VIN Scanner.app */;
			productType = "com.apple.product-type.application";
		};
		DB4D1ADE1BC218AE001F8B87 /* VIN ScannerTests */ = {
			isa = PBXNativeTarget;
			buildConfigurationList = DB4D1AF61BC218AE001F8B87 /* Build configuration list for PBXNativeTarget "VIN ScannerTests" */;
			buildPhases = (
				DB4D1ADB1BC218AE001F8B87 /* Sources */,
				DB4D1ADC1BC218AE001F8B87 /* Frameworks */,
				DB4D1ADD1BC218AE001F8B87 /* Resources */,
			);
			buildRules = (
			);
			dependencies = (
				DB4D1AE11BC218AE001F8B87 /* PBXTargetDependency */,
			);
			name = "VIN ScannerTests";
			productName = "Barcode TwoTests";
			productReference = DB4D1ADF1BC218AE001F8B87 /* VIN Scanner.xctest */;
			productType = "com.apple.product-type.bundle.unit-test";
		};
		DB4D1AE91BC218AE001F8B87 /* VIN ScannerUITests */ = {
			isa = PBXNativeTarget;
			buildConfigurationList = DB4D1AF91BC218AE001F8B87 /* Build configuration list for PBXNativeTarget "VIN ScannerUITests" */;
			buildPhases = (
				DB4D1AE61BC218AE001F8B87 /* Sources */,
				DB4D1AE71BC218AE001F8B87 /* Frameworks */,
				DB4D1AE81BC218AE001F8B87 /* Resources */,
			);
			buildRules = (
			);
			dependencies = (
				DB4D1AEC1BC218AE001F8B87 /* PBXTargetDependency */,
			);
			name = "VIN ScannerUITests";
			productName = "Barcode TwoUITests";
			productReference = DB4D1AEA1BC218AE001F8B87 /* VIN Scanner.xctest */;
			productType = "com.apple.product-type.bundle.ui-testing";
		};
/* End PBXNativeTarget section */

/* Begin PBXProject section */
		DB4D1AC31BC218AE001F8B87 /* Project object */ = {
			isa = PBXProject;
			attributes = {
				LastUpgradeCheck = 0700;
				ORGANIZATIONNAME = IBM;
				TargetAttributes = {
					DB4D1ACA1BC218AE001F8B87 = {
						CreatedOnToolsVersion = 7.0;
					};
					DB4D1ADE1BC218AE001F8B87 = {
						CreatedOnToolsVersion = 7.0;
						TestTargetID = DB4D1ACA1BC218AE001F8B87;
					};
					DB4D1AE91BC218AE001F8B87 = {
						CreatedOnToolsVersion = 7.0;
						TestTargetID = DB4D1ACA1BC218AE001F8B87;
					};
				};
			};
			buildConfigurationList = DB4D1AC61BC218AE001F8B87 /* Build configuration list for PBXProject "VIN Scanner" */;
			compatibilityVersion = "Xcode 3.2";
			developmentRegion = English;
			hasScannedForEncodings = 0;
			knownRegions = (
				en,
				Base,
			);
			mainGroup = DB4D1AC21BC218AE001F8B87;
			productRefGroup = DB4D1ACC1BC218AE001F8B87 /* Products */;
			projectDirPath = "";
			projectRoot = "";
			targets = (
				DB4D1ACA1BC218AE001F8B87 /* VIN Scanner */,
				DB4D1ADE1BC218AE001F8B87 /* VIN ScannerTests */,
				DB4D1AE91BC218AE001F8B87 /* VIN ScannerUITests */,
			);
		};
/* End PBXProject section */

/* Begin PBXResourcesBuildPhase section */
		DB4D1AC91BC218AE001F8B87 /* Resources */ = {
			isa = PBXResourcesBuildPhase;
			buildActionMask = 2147483647;
			files = (
				DB4D1AD91BC218AE001F8B87 /* LaunchScreen.storyboard in Resources */,
				DB4D1AD61BC218AE001F8B87 /* Assets.xcassets in Resources */,
				DB4D1AD41BC218AE001F8B87 /* Main.storyboard in Resources */,
			);
			runOnlyForDeploymentPostprocessing = 0;
		};
		DB4D1ADD1BC218AE001F8B87 /* Resources */ = {
			isa = PBXResourcesBuildPhase;
			buildActionMask = 2147483647;
			files = (
			);
			runOnlyForDeploymentPostprocessing = 0;
		};
		DB4D1AE81BC218AE001F8B87 /* Resources */ = {
			isa = PBXResourcesBuildPhase;
			buildActionMask = 2147483647;
			files = (
			);
			runOnlyForDeploymentPostprocessing = 0;
		};
/* End PBXResourcesBuildPhase section */

/* Begin PBXSourcesBuildPhase section */
		DB4D1AC71BC218AE001F8B87 /* Sources */ = {
			isa = PBXSourcesBuildPhase;
			buildActionMask = 2147483647;
			files = (
				DB4D1AD11BC218AE001F8B87 /* ScannerViewController.swift in Sources */,
				DB4D1ACF1BC218AE001F8B87 /* AppDelegate.swift in Sources */,
				DB4D1B081BC4598D001F8B87 /* HomeViewController.swift in Sources */,
				DB04A6871BCC04DA0069BEA2 /* Vehicle.swift in Sources */,
				DB04A6851BCBFF830069BEA2 /* CarViewController.swift in Sources */,
			);
			runOnlyForDeploymentPostprocessing = 0;
		};
		DB4D1ADB1BC218AE001F8B87 /* Sources */ = {
			isa = PBXSourcesBuildPhase;
			buildActionMask = 2147483647;
			files = (
				DB4D1AE41BC218AE001F8B87 /* Barcode_TwoTests.swift in Sources */,
			);
			runOnlyForDeploymentPostprocessing = 0;
		};
		DB4D1AE61BC218AE001F8B87 /* Sources */ = {
			isa = PBXSourcesBuildPhase;
			buildActionMask = 2147483647;
			files = (
				DB4D1AEF1BC218AE001F8B87 /* Barcode_TwoUITests.swift in Sources */,
			);
			runOnlyForDeploymentPostprocessing = 0;
		};
/* End PBXSourcesBuildPhase section */

/* Begin PBXTargetDependency section */
		DB4D1AE11BC218AE001F8B87 /* PBXTargetDependency */ = {
			isa = PBXTargetDependency;
			target = DB4D1ACA1BC218AE001F8B87 /* VIN Scanner */;
			targetProxy = DB4D1AE01BC218AE001F8B87 /* PBXContainerItemProxy */;
		};
		DB4D1AEC1BC218AE001F8B87 /* PBXTargetDependency */ = {
			isa = PBXTargetDependency;
			target = DB4D1ACA1BC218AE001F8B87 /* VIN Scanner */;
			targetProxy = DB4D1AEB1BC218AE001F8B87 /* PBXContainerItemProxy */;
		};
/* End PBXTargetDependency section */

/* Begin PBXVariantGroup section */
		DB4D1AD21BC218AE001F8B87 /* Main.storyboard */ = {
			isa = PBXVariantGroup;
			children = (
				DB4D1AD31BC218AE001F8B87 /* Base */,
			);
			name = Main.storyboard;
			sourceTree = "<group>";
		};
		DB4D1AD71BC218AE001F8B87 /* LaunchScreen.storyboard */ = {
			isa = PBXVariantGroup;
			children = (
				DB4D1AD81BC218AE001F8B87 /* Base */,
			);
			name = LaunchScreen.storyboard;
			sourceTree = "<group>";
		};
/* End PBXVariantGroup section */

/* Begin XCBuildConfiguration section */
		DB4D1AF11BC218AE001F8B87 /* Debug */ = {
			isa = XCBuildConfiguration;
			buildSettings = {
				ALWAYS_SEARCH_USER_PATHS = NO;
				CLANG_CXX_LANGUAGE_STANDARD = "gnu++0x";
				CLANG_CXX_LIBRARY = "libc++";
				CLANG_ENABLE_MODULES = YES;
				CLANG_ENABLE_OBJC_ARC = YES;
				CLANG_WARN_BOOL_CONVERSION = YES;
				CLANG_WARN_CONSTANT_CONVERSION = YES;
				CLANG_WARN_DIRECT_OBJC_ISA_USAGE = YES_ERROR;
				CLANG_WARN_EMPTY_BODY = YES;
				CLANG_WARN_ENUM_CONVERSION = YES;
				CLANG_WARN_INT_CONVERSION = YES;
				CLANG_WARN_OBJC_ROOT_CLASS = YES_ERROR;
				CLANG_WARN_UNREACHABLE_CODE = YES;
				CLANG_WARN__DUPLICATE_METHOD_MATCH = YES;
				"CODE_SIGN_IDENTITY[sdk=iphoneos*]" = "iPhone Developer";
				COPY_PHASE_STRIP = NO;
				DEBUG_INFORMATION_FORMAT = dwarf;
				ENABLE_STRICT_OBJC_MSGSEND = YES;
				ENABLE_TESTABILITY = YES;
				GCC_C_LANGUAGE_STANDARD = gnu99;
				GCC_DYNAMIC_NO_PIC = NO;
				GCC_NO_COMMON_BLOCKS = YES;
				GCC_OPTIMIZATION_LEVEL = 0;
				GCC_PREPROCESSOR_DEFINITIONS = (
					"DEBUG=1",
					"$(inherited)",
				);
				GCC_WARN_64_TO_32_BIT_CONVERSION = YES;
				GCC_WARN_ABOUT_RETURN_TYPE = YES_ERROR;
				GCC_WARN_UNDECLARED_SELECTOR = YES;
				GCC_WARN_UNINITIALIZED_AUTOS = YES_AGGRESSIVE;
				GCC_WARN_UNUSED_FUNCTION = YES;
				GCC_WARN_UNUSED_VARIABLE = YES;
				IPHONEOS_DEPLOYMENT_TARGET = 9.0;
				MTL_ENABLE_DEBUG_INFO = YES;
				ONLY_ACTIVE_ARCH = YES;
				SDKROOT = iphoneos;
				SWIFT_OPTIMIZATION_LEVEL = "-Onone";
				TARGETED_DEVICE_FAMILY = "1,2";
			};
			name = Debug;
		};
		DB4D1AF21BC218AE001F8B87 /* Release */ = {
			isa = XCBuildConfiguration;
			buildSettings = {
				ALWAYS_SEARCH_USER_PATHS = NO;
				CLANG_CXX_LANGUAGE_STANDARD = "gnu++0x";
				CLANG_CXX_LIBRARY = "libc++";
				CLANG_ENABLE_MODULES = YES;
				CLANG_ENABLE_OBJC_ARC = YES;
				CLANG_WARN_BOOL_CONVERSION = YES;
				CLANG_WARN_CONSTANT_CONVERSION = YES;
				CLANG_WARN_DIRECT_OBJC_ISA_USAGE = YES_ERROR;
				CLANG_WARN_EMPTY_BODY = YES;
				CLANG_WARN_ENUM_CONVERSION = YES;
				CLANG_WARN_INT_CONVERSION = YES;
				CLANG_WARN_OBJC_ROOT_CLASS = YES_ERROR;
				CLANG_WARN_UNREACHABLE_CODE = YES;
				CLANG_WARN__DUPLICATE_METHOD_MATCH = YES;
				"CODE_SIGN_IDENTITY[sdk=iphoneos*]" = "iPhone Developer";
				COPY_PHASE_STRIP = NO;
				DEBUG_INFORMATION_FORMAT = "dwarf-with-dsym";
				ENABLE_NS_ASSERTIONS = NO;
				ENABLE_STRICT_OBJC_MSGSEND = YES;
				GCC_C_LANGUAGE_STANDARD = gnu99;
				GCC_NO_COMMON_BLOCKS = YES;
				GCC_WARN_64_TO_32_BIT_CONVERSION = YES;
				GCC_WARN_ABOUT_RETURN_TYPE = YES_ERROR;
				GCC_WARN_UNDECLARED_SELECTOR = YES;
				GCC_WARN_UNINITIALIZED_AUTOS = YES_AGGRESSIVE;
				GCC_WARN_UNUSED_FUNCTION = YES;
				GCC_WARN_UNUSED_VARIABLE = YES;
				IPHONEOS_DEPLOYMENT_TARGET = 9.0;
				MTL_ENABLE_DEBUG_INFO = NO;
				SDKROOT = iphoneos;
				TARGETED_DEVICE_FAMILY = "1,2";
				VALIDATE_PRODUCT = YES;
			};
			name = Release;
		};
		DB4D1AF41BC218AE001F8B87 /* Debug */ = {
			isa = XCBuildConfiguration;
			buildSettings = {
				ASSETCATALOG_COMPILER_APPICON_NAME = AppIcon;
				INFOPLIST_FILE = "Barcode Two/Info.plist";
				IPHONEOS_DEPLOYMENT_TARGET = 8.0;
				LD_RUNPATH_SEARCH_PATHS = "$(inherited) @executable_path/Frameworks";
				PRODUCT_BUNDLE_IDENTIFIER = "com.ibm.cio.be.iphone.setiyadi.VIN-Scanner";
				PRODUCT_NAME = "VIN Scanner";
			};
			name = Debug;
		};
		DB4D1AF51BC218AE001F8B87 /* Release */ = {
			isa = XCBuildConfiguration;
			buildSettings = {
				ASSETCATALOG_COMPILER_APPICON_NAME = AppIcon;
				INFOPLIST_FILE = "Barcode Two/Info.plist";
				IPHONEOS_DEPLOYMENT_TARGET = 8.0;
				LD_RUNPATH_SEARCH_PATHS = "$(inherited) @executable_path/Frameworks";
				PRODUCT_BUNDLE_IDENTIFIER = "com.ibm.cio.be.iphone.setiyadi.VIN-Scanner";
				PRODUCT_NAME = "VIN Scanner";
			};
			name = Release;
		};
		DB4D1AF71BC218AE001F8B87 /* Debug */ = {
			isa = XCBuildConfiguration;
			buildSettings = {
				BUNDLE_LOADER = "$(TEST_HOST)";
				INFOPLIST_FILE = "Barcode TwoTests/Info.plist";
				LD_RUNPATH_SEARCH_PATHS = "$(inherited) @executable_path/Frameworks @loader_path/Frameworks";
				PRODUCT_BUNDLE_IDENTIFIER = "com.ibm.cio.be.ipad.Barcode-TwoTests";
				PRODUCT_NAME = "VIN Scanner";
				TEST_HOST = "$(BUILT_PRODUCTS_DIR)/VIN Scanner.app/VIN Scanner";
			};
			name = Debug;
		};
		DB4D1AF81BC218AE001F8B87 /* Release */ = {
			isa = XCBuildConfiguration;
			buildSettings = {
				BUNDLE_LOADER = "$(TEST_HOST)";
				INFOPLIST_FILE = "Barcode TwoTests/Info.plist";
				LD_RUNPATH_SEARCH_PATHS = "$(inherited) @executable_path/Frameworks @loader_path/Frameworks";
				PRODUCT_BUNDLE_IDENTIFIER = "com.ibm.cio.be.ipad.Barcode-TwoTests";
				PRODUCT_NAME = "VIN Scanner";
				TEST_HOST = "$(BUILT_PRODUCTS_DIR)/VIN Scanner.app/VIN Scanner";
			};
			name = Release;
		};
		DB4D1AFA1BC218AE001F8B87 /* Debug */ = {
			isa = XCBuildConfiguration;
			buildSettings = {
				INFOPLIST_FILE = "Barcode TwoUITests/Info.plist";
				LD_RUNPATH_SEARCH_PATHS = "$(inherited) @executable_path/Frameworks @loader_path/Frameworks";
				PRODUCT_BUNDLE_IDENTIFIER = "com.ibm.cio.be.ipad.Barcode-TwoUITests";
				PRODUCT_NAME = "VIN Scanner";
				TEST_TARGET_NAME = "Barcode Two";
				USES_XCTRUNNER = YES;
			};
			name = Debug;
		};
		DB4D1AFB1BC218AE001F8B87 /* Release */ = {
			isa = XCBuildConfiguration;
			buildSettings = {
				INFOPLIST_FILE = "Barcode TwoUITests/Info.plist";
				LD_RUNPATH_SEARCH_PATHS = "$(inherited) @executable_path/Frameworks @loader_path/Frameworks";
				PRODUCT_BUNDLE_IDENTIFIER = "com.ibm.cio.be.ipad.Barcode-TwoUITests";
				PRODUCT_NAME = "VIN Scanner";
				TEST_TARGET_NAME = "Barcode Two";
				USES_XCTRUNNER = YES;
			};
			name = Release;
		};
/* End XCBuildConfiguration section */

/* Begin XCConfigurationList section */
		DB4D1AC61BC218AE001F8B87 /* Build configuration list for PBXProject "VIN Scanner" */ = {
			isa = XCConfigurationList;
			buildConfigurations = (
				DB4D1AF11BC218AE001F8B87 /* Debug */,
				DB4D1AF21BC218AE001F8B87 /* Release */,
			);
			defaultConfigurationIsVisible = 0;
			defaultConfigurationName = Release;
		};
		DB4D1AF31BC218AE001F8B87 /* Build configuration list for PBXNativeTarget "VIN Scanner" */ = {
			isa = XCConfigurationList;
			buildConfigurations = (
				DB4D1AF41BC218AE001F8B87 /* Debug */,
				DB4D1AF51BC218AE001F8B87 /* Release */,
			);
			defaultConfigurationIsVisible = 0;
			defaultConfigurationName = Release;
		};
		DB4D1AF61BC218AE001F8B87 /* Build configuration list for PBXNativeTarget "VIN ScannerTests" */ = {
			isa = XCConfigurationList;
			buildConfigurations = (
				DB4D1AF71BC218AE001F8B87 /* Debug */,
				DB4D1AF81BC218AE001F8B87 /* Release */,
			);
			defaultConfigurationIsVisible = 0;
			defaultConfigurationName = Release;
		};
		DB4D1AF91BC218AE001F8B87 /* Build configuration list for PBXNativeTarget "VIN ScannerUITests" */ = {
			isa = XCConfigurationList;
			buildConfigurations = (
				DB4D1AFA1BC218AE001F8B87 /* Debug */,
				DB4D1AFB1BC218AE001F8B87 /* Release */,
			);
			defaultConfigurationIsVisible = 0;
			defaultConfigurationName = Release;
		};
/* End XCConfigurationList section */
	};
	rootObject = DB4D1AC31BC218AE001F8B87 /* Project object */;
}
